
Microsoft Visual Studio Solution File, Format Version 12.00
# Visual Studio Version 17
VisualStudioVersion = 17.0.31903.59
MinimumVisualStudioVersion = 10.0.40219.1
Project("{2150E333-8FDC-42A3-9474-1A3956D46DE8}") = "src", "src", "{077343FA-6C20-4B15-9EA6-5684BB6C5436}"
EndProject
Project("{FAE04EC0-301F-11D3-BF4B-00C04F79EFBC}") = "zoopla-codetest-cardgame", "src\zoopla-codetest-cardgame\zoopla-codetest-cardgame.csproj", "{F8E36FDC-6FD7-4468-A533-731DA6BD5960}"
EndProject
Global
	GlobalSection(SolutionConfigurationPlatforms) = preSolution
		Debug|Any CPU = Debug|Any CPU
		Release|Any CPU = Release|Any CPU
	EndGlobalSection
	GlobalSection(SolutionProperties) = preSolution
		HideSolutionNode = FALSE
	EndGlobalSection
	GlobalSection(ProjectConfigurationPlatforms) = postSolution
		{F8E36FDC-6FD7-4468-A533-731DA6BD5960}.Debug|Any CPU.ActiveCfg = Debug|Any CPU
		{F8E36FDC-6FD7-4468-A533-731DA6BD5960}.Debug|Any CPU.Build.0 = Debug|Any CPU
		{F8E36FDC-6FD7-4468-A533-731DA6BD5960}.Release|Any CPU.ActiveCfg = Release|Any CPU
		{F8E36FDC-6FD7-4468-A533-731DA6BD5960}.Release|Any CPU.Build.0 = Release|Any CPU
	EndGlobalSection
	GlobalSection(NestedProjects) = preSolution
		{F8E36FDC-6FD7-4468-A533-731DA6BD5960} = {077343FA-6C20-4B15-9EA6-5684BB6C5436}
	EndGlobalSection
EndGlobal
